
Microsoft Visual Studio Solution File, Format Version 12.00
# Visual Studio 15
VisualStudioVersion = 15.0.26730.16
MinimumVisualStudioVersion = 10.0.40219.1
Project("{FAE04EC0-301F-11D3-BF4B-00C04F79EFBC}") = "Jasily.FunctionInvoker", "Jasily.FunctionInvoker\Jasily.FunctionInvoker.csproj", "{30905F18-6CDA-4550-AFD4-B5DB79D661D7}"
EndProject
Global
	GlobalSection(SolutionConfigurationPlatforms) = preSolution
		Debug|Any CPU = Debug|Any CPU
		Release|Any CPU = Release|Any CPU
	EndGlobalSection
	GlobalSection(ProjectConfigurationPlatforms) = postSolution
		{30905F18-6CDA-4550-AFD4-B5DB79D661D7}.Debug|Any CPU.ActiveCfg = Debug|Any CPU
		{30905F18-6CDA-4550-AFD4-B5DB79D661D7}.Debug|Any CPU.Build.0 = Debug|Any CPU
		{30905F18-6CDA-4550-AFD4-B5DB79D661D7}.Release|Any CPU.ActiveCfg = Release|Any CPU
		{30905F18-6CDA-4550-AFD4-B5DB79D661D7}.Release|Any CPU.Build.0 = Release|Any CPU
	EndGlobalSection
	GlobalSection(SolutionProperties) = preSolution
		HideSolutionNode = FALSE
	EndGlobalSection
	GlobalSection(ExtensibilityGlobals) = postSolution
		SolutionGuid = {F6B40F59-C71C-4EE2-9B9E-0ADB71931D1F}
	EndGlobalSection
EndGlobal
